# This file is automatically @generated by Cargo.
# It is not intended for manual editing.
version = 3

[[package]]
name = "cc"
version = "1.0.76"
source = "registry+https://github.com/rust-lang/crates.io-index"
checksum = "76a284da2e6fe2092f2353e51713435363112dfd60030e22add80be333fb928f"

[[package]]
name = "either"
version = "1.8.0"
source = "registry+https://github.com/rust-lang/crates.io-index"
checksum = "90e5c1c8368803113bf0c9584fc495a58b86dc8a29edbf8fe877d21d9507e797"

[[package]]
name = "hashbrown_tstd"
version = "0.12.0"
source = "git+https://github.com/apache/incubator-teaclave-sgx-sdk?tag=v1.1.5#d2d339cbb005f676bb700059bd51dc689c025f6b"

[[package]]
name = "itertools"
version = "0.10.5"
source = "registry+https://github.com/rust-lang/crates.io-index"
checksum = "b0fd2260e829bddf4cb6ea802289de2f86d6a7a690192fbe91b3f46e0f2c8473"
dependencies = [
 "either",
]

[[package]]
name = "itoa"
version = "0.4.5"
source = "git+https://github.com/mesalock-linux/itoa-sgx#295ee451f5ec74f25c299552b481beb445ea3eb7"
dependencies = [
 "sgx_tstd",
]

[[package]]
name = "key-holder-enclave"
version = "1.0.0"
dependencies = [
 "lazy_static",
 "serde",
 "serde_derive",
 "serde_json",
 "sgx_alloc",
 "sgx_libc",
 "sgx_serialize",
 "sgx_tcrypto",
 "sgx_tcrypto_helper",
 "sgx_trts",
 "sgx_tseal",
 "sgx_tstd",
 "sgx_types",
]

[[package]]
name = "lazy_static"
version = "1.4.0"
source = "registry+https://github.com/rust-lang/crates.io-index"
checksum = "e2abad23fbc42b3700f2f279844dc832adb2b2eb069b2df918f455c4e18cc646"
dependencies = [
 "spin",
]

[[package]]
name = "proc-macro2"
version = "1.0.47"
source = "registry+https://github.com/rust-lang/crates.io-index"
checksum = "5ea3d908b0e36316caf9e9e2c4625cdde190a7e6f440d794667ed17a1855e725"
dependencies = [
 "unicode-ident",
]

[[package]]
name = "quote"
version = "1.0.21"
source = "registry+https://github.com/rust-lang/crates.io-index"
checksum = "bbe448f377a7d6961e30f5955f9b8d106c3f5e449d493ee1b125c1d43c2b5179"
dependencies = [
 "proc-macro2",
]

[[package]]
name = "ryu"
version = "1.0.11"
source = "registry+https://github.com/rust-lang/crates.io-index"
checksum = "4501abdff3ae82a1c1b477a17252eb69cee9e66eb915c1abaa4f44d873df9f09"

[[package]]
name = "serde"
version = "1.0.118"
source = "git+https://github.com/mesalock-linux/serde-sgx#db0226f1d5d70fca6b96af2c285851502204e21c"
dependencies = [
 "sgx_tstd",
]

[[package]]
name = "serde-big-array"
version = "0.3.0"
source = "git+https://github.com/mesalock-linux/serde-big-array-sgx#94122c5167aee38b39b09a620a60db2c28cf7428"
dependencies = [
 "serde",
 "serde_derive",
]

[[package]]
name = "serde_derive"
version = "1.0.118"
source = "git+https://github.com/mesalock-linux/serde-sgx#db0226f1d5d70fca6b96af2c285851502204e21c"
dependencies = [
 "proc-macro2",
 "quote",
 "syn",
]

[[package]]
name = "serde_json"
version = "1.0.60"
source = "git+https://github.com/mesalock-linux/serde-json-sgx#380893814ad2a057758d825bab798aa117f7362a"
dependencies = [
 "itoa",
 "ryu",
 "serde",
 "sgx_tstd",
]

[[package]]
name = "sgx_alloc"
version = "1.1.5"
source = "git+https://github.com/apache/incubator-teaclave-sgx-sdk?tag=v1.1.5#d2d339cbb005f676bb700059bd51dc689c025f6b"

[[package]]
name = "sgx_backtrace_sys"
version = "1.1.5"
source = "git+https://github.com/apache/incubator-teaclave-sgx-sdk?tag=v1.1.5#d2d339cbb005f676bb700059bd51dc689c025f6b"
dependencies = [
 "cc",
 "sgx_build_helper",
 "sgx_libc",
]

[[package]]
name = "sgx_build_helper"
version = "1.1.5"
source = "git+https://github.com/apache/incubator-teaclave-sgx-sdk?tag=v1.1.5#d2d339cbb005f676bb700059bd51dc689c025f6b"

[[package]]
name = "sgx_crypto_helper"
version = "1.1.5"
source = "git+https://github.com/apache/incubator-teaclave-sgx-sdk?tag=v1.1.5#d2d339cbb005f676bb700059bd51dc689c025f6b"
dependencies = [
 "itertools",
 "serde",
 "serde-big-array",
 "serde_derive",
 "sgx_tcrypto",
 "sgx_tstd",
 "sgx_types",
]

[[package]]
name = "sgx_demangle"
version = "1.1.5"
source = "git+https://github.com/apache/incubator-teaclave-sgx-sdk?tag=v1.1.5#d2d339cbb005f676bb700059bd51dc689c025f6b"

[[package]]
name = "sgx_libc"
version = "1.1.5"
source = "git+https://github.com/apache/incubator-teaclave-sgx-sdk?tag=v1.1.5#d2d339cbb005f676bb700059bd51dc689c025f6b"
dependencies = [
 "sgx_types",
]

[[package]]
name = "sgx_serialize"
version = "1.1.5"
source = "git+https://github.com/apache/incubator-teaclave-sgx-sdk?tag=v1.1.5#d2d339cbb005f676bb700059bd51dc689c025f6b"
dependencies = [
 "sgx_tstd",
]

[[package]]
name = "sgx_tcrypto"
version = "1.1.5"
source = "git+https://github.com/apache/incubator-teaclave-sgx-sdk?tag=v1.1.5#d2d339cbb005f676bb700059bd51dc689c025f6b"
dependencies = [
 "sgx_types",
]

[[package]]
name = "sgx_tcrypto_helper"
version = "1.1.5"
source = "git+https://github.com/apache/incubator-teaclave-sgx-sdk?tag=v1.1.5#d2d339cbb005f676bb700059bd51dc689c025f6b"
dependencies = [
 "sgx_crypto_helper",
]

[[package]]
name = "sgx_tprotected_fs"
version = "1.1.5"
source = "git+https://github.com/apache/incubator-teaclave-sgx-sdk?tag=v1.1.5#d2d339cbb005f676bb700059bd51dc689c025f6b"
dependencies = [
 "sgx_trts",
 "sgx_types",
]

[[package]]
name = "sgx_trts"
version = "1.1.5"
source = "git+https://github.com/apache/incubator-teaclave-sgx-sdk?tag=v1.1.5#d2d339cbb005f676bb700059bd51dc689c025f6b"
dependencies = [
 "sgx_libc",
 "sgx_types",
]

[[package]]
name = "sgx_tse"
version = "1.1.5"
source = "git+https://github.com/apache/incubator-teaclave-sgx-sdk?tag=v1.1.5#d2d339cbb005f676bb700059bd51dc689c025f6b"
dependencies = [
 "sgx_types",
]

[[package]]
name = "sgx_tseal"
version = "1.1.5"
source = "git+https://github.com/apache/incubator-teaclave-sgx-sdk?tag=v1.1.5#d2d339cbb005f676bb700059bd51dc689c025f6b"
dependencies = [
 "sgx_tcrypto",
 "sgx_trts",
 "sgx_tse",
 "sgx_types",
]

[[package]]
name = "sgx_tstd"
version = "1.1.5"
source = "git+https://github.com/apache/incubator-teaclave-sgx-sdk?tag=v1.1.5#d2d339cbb005f676bb700059bd51dc689c025f6b"
dependencies = [
 "hashbrown_tstd",
 "sgx_alloc",
 "sgx_backtrace_sys",
 "sgx_demangle",
 "sgx_libc",
 "sgx_tprotected_fs",
 "sgx_trts",
 "sgx_types",
 "sgx_unwind",
]

[[package]]
name = "sgx_types"
version = "1.1.5"
source = "git+https://github.com/apache/incubator-teaclave-sgx-sdk?tag=v1.1.5#d2d339cbb005f676bb700059bd51dc689c025f6b"

[[package]]
name = "sgx_unwind"
version = "1.1.5"
source = "git+https://github.com/apache/incubator-teaclave-sgx-sdk?tag=v1.1.5#d2d339cbb005f676bb700059bd51dc689c025f6b"
dependencies = [
 "sgx_build_helper",
]

[[package]]
name = "spin"
version = "0.5.2"
source = "registry+https://github.com/rust-lang/crates.io-index"
checksum = "6e63cff320ae2c57904679ba7cb63280a3dc4613885beafb148ee7bf9aa9042d"

[[package]]
name = "syn"
version = "1.0.103"
source = "registry+https://github.com/rust-lang/crates.io-index"
checksum = "a864042229133ada95abf3b54fdc62ef5ccabe9515b64717bcb9a1919e59445d"
dependencies = [
 "proc-macro2",
 "quote",
 "unicode-ident",
]

[[package]]
name = "unicode-ident"
version = "1.0.5"
source = "registry+https://github.com/rust-lang/crates.io-index"
checksum = "6ceab39d59e4c9499d4e5a8ee0e2735b891bb7308ac83dfb4e80cad195c9f6f3"
